// !$*UTF8*$!
{
	archiveVersion = 1;
	classes = {
	};
	objectVersion = 50;
	objects = {

/* Begin PBXBuildFile section */
		81E80B462232844700CF6E80 /* AppDelegate.swift in Sources */ = {isa = PBXBuildFile; fileRef = 81E80B452232844700CF6E80 /* AppDelegate.swift */; };
		81E80B482232844700CF6E80 /* ViewController.swift in Sources */ = {isa = PBXBuildFile; fileRef = 81E80B472232844700CF6E80 /* ViewController.swift */; };
		81E80B4B2232844700CF6E80 /* Main.storyboard in Resources */ = {isa = PBXBuildFile; fileRef = 81E80B492232844700CF6E80 /* Main.storyboard */; };
		81E80B4D2232844800CF6E80 /* Assets.xcassets in Resources */ = {isa = PBXBuildFile; fileRef = 81E80B4C2232844800CF6E80 /* Assets.xcassets */; };
		81E80B502232844800CF6E80 /* LaunchScreen.storyboard in Resources */ = {isa = PBXBuildFile; fileRef = 81E80B4E2232844800CF6E80 /* LaunchScreen.storyboard */; };
		81E80B582232A32E00CF6E80 /* RoundButton.swift in Sources */ = {isa = PBXBuildFile; fileRef = 81E80B572232A32E00CF6E80 /* RoundButton.swift */; };
		81E80B5B2232A82800CF6E80 /* Assets.swift in Sources */ = {isa = PBXBuildFile; fileRef = 81E80B5A2232A82800CF6E80 /* Assets.swift */; };
		81E80B5E2234347C00CF6E80 /* PukanaConverter.swift in Sources */ = {isa = PBXBuildFile; fileRef = 81E80B5D2234347C00CF6E80 /* PukanaConverter.swift */; };
		81E80B612234356E00CF6E80 /* FaceInfoService.swift in Sources */ = {isa = PBXBuildFile; fileRef = 81E80B602234356E00CF6E80 /* FaceInfoService.swift */; };
		81E80B63223435FD00CF6E80 /* FaceInfoServiceMock.swift in Sources */ = {isa = PBXBuildFile; fileRef = 81E80B62223435FD00CF6E80 /* FaceInfoServiceMock.swift */; };
		81E80BA822353CD700CF6E80 /* Score.swift in Sources */ = {isa = PBXBuildFile; fileRef = 81E80BA722353CD700CF6E80 /* Score.swift */; };
/* End PBXBuildFile section */

/* Begin PBXFileReference section */
		81E80B422232844700CF6E80 /* Pukana.app */ = {isa = PBXFileReference; explicitFileType = wrapper.application; includeInIndex = 0; path = Pukana.app; sourceTree = BUILT_PRODUCTS_DIR; };
		81E80B452232844700CF6E80 /* AppDelegate.swift */ = {isa = PBXFileReference; lastKnownFileType = sourcecode.swift; path = AppDelegate.swift; sourceTree = "<group>"; };
		81E80B472232844700CF6E80 /* ViewController.swift */ = {isa = PBXFileReference; lastKnownFileType = sourcecode.swift; path = ViewController.swift; sourceTree = "<group>"; };
		81E80B4A2232844700CF6E80 /* Base */ = {isa = PBXFileReference; lastKnownFileType = file.storyboard; name = Base; path = Base.lproj/Main.storyboard; sourceTree = "<group>"; };
		81E80B4C2232844800CF6E80 /* Assets.xcassets */ = {isa = PBXFileReference; lastKnownFileType = folder.assetcatalog; path = Assets.xcassets; sourceTree = "<group>"; };
		81E80B4F2232844800CF6E80 /* Base */ = {isa = PBXFileReference; lastKnownFileType = file.storyboard; name = Base; path = Base.lproj/LaunchScreen.storyboard; sourceTree = "<group>"; };
		81E80B512232844800CF6E80 /* Info.plist */ = {isa = PBXFileReference; lastKnownFileType = text.plist.xml; path = Info.plist; sourceTree = "<group>"; };
		81E80B572232A32E00CF6E80 /* RoundButton.swift */ = {isa = PBXFileReference; lastKnownFileType = sourcecode.swift; path = RoundButton.swift; sourceTree = "<group>"; };
		81E80B5A2232A82800CF6E80 /* Assets.swift */ = {isa = PBXFileReference; lastKnownFileType = sourcecode.swift; path = Assets.swift; sourceTree = "<group>"; };
		81E80B5D2234347C00CF6E80 /* PukanaConverter.swift */ = {isa = PBXFileReference; lastKnownFileType = sourcecode.swift; path = PukanaConverter.swift; sourceTree = "<group>"; };
		81E80B602234356E00CF6E80 /* FaceInfoService.swift */ = {isa = PBXFileReference; lastKnownFileType = sourcecode.swift; path = FaceInfoService.swift; sourceTree = "<group>"; };
		81E80B62223435FD00CF6E80 /* FaceInfoServiceMock.swift */ = {isa = PBXFileReference; lastKnownFileType = sourcecode.swift; path = FaceInfoServiceMock.swift; sourceTree = "<group>"; };
		81E80BA722353CD700CF6E80 /* Score.swift */ = {isa = PBXFileReference; lastKnownFileType = sourcecode.swift; path = Score.swift; sourceTree = "<group>"; };
/* End PBXFileReference section */

/* Begin PBXFrameworksBuildPhase section */
		81E80B3F2232844700CF6E80 /* Frameworks */ = {
			isa = PBXFrameworksBuildPhase;
			buildActionMask = 2147483647;
			files = (
			);
			runOnlyForDeploymentPostprocessing = 0;
		};
/* End PBXFrameworksBuildPhase section */

/* Begin PBXGroup section */
		81E80B392232844600CF6E80 = {
			isa = PBXGroup;
			children = (
				81E80B442232844700CF6E80 /* Pukana */,
				81E80B432232844700CF6E80 /* Products */,
			);
			sourceTree = "<group>";
		};
		81E80B432232844700CF6E80 /* Products */ = {
			isa = PBXGroup;
			children = (
				81E80B422232844700CF6E80 /* Pukana.app */,
			);
			name = Products;
			sourceTree = "<group>";
		};
		81E80B442232844700CF6E80 /* Pukana */ = {
			isa = PBXGroup;
			children = (
				81E80BA622353CC500CF6E80 /* Model */,
				81E80B5F223434BC00CF6E80 /* Services */,
				81E80B5C2234344100CF6E80 /* Ressources */,
				81E80B592232A33800CF6E80 /* Views */,
				81E80B452232844700CF6E80 /* AppDelegate.swift */,
				81E80B472232844700CF6E80 /* ViewController.swift */,
				81E80B492232844700CF6E80 /* Main.storyboard */,
				81E80B512232844800CF6E80 /* Info.plist */,
			);
			path = Pukana;
			sourceTree = "<group>";
		};
		81E80B592232A33800CF6E80 /* Views */ = {
			isa = PBXGroup;
			children = (
				81E80B572232A32E00CF6E80 /* RoundButton.swift */,
			);
			path = Views;
			sourceTree = "<group>";
		};
		81E80B5C2234344100CF6E80 /* Ressources */ = {
			isa = PBXGroup;
			children = (
				81E80B4E2232844800CF6E80 /* LaunchScreen.storyboard */,
				81E80B4C2232844800CF6E80 /* Assets.xcassets */,
				81E80B5A2232A82800CF6E80 /* Assets.swift */,
			);
			path = Ressources;
			sourceTree = "<group>";
		};
		81E80B5F223434BC00CF6E80 /* Services */ = {
			isa = PBXGroup;
			children = (
				81E80B602234356E00CF6E80 /* FaceInfoService.swift */,
				81E80B62223435FD00CF6E80 /* FaceInfoServiceMock.swift */,
			);
			path = Services;
			sourceTree = "<group>";
		};
		81E80BA622353CC500CF6E80 /* Model */ = {
			isa = PBXGroup;
			children = (
				81E80BA722353CD700CF6E80 /* Score.swift */,
				81E80B5D2234347C00CF6E80 /* PukanaConverter.swift */,
			);
			path = Model;
			sourceTree = "<group>";
		};
/* End PBXGroup section */

/* Begin PBXNativeTarget section */
		81E80B412232844700CF6E80 /* Pukana */ = {
			isa = PBXNativeTarget;
			buildConfigurationList = 81E80B542232844800CF6E80 /* Build configuration list for PBXNativeTarget "Pukana" */;
			buildPhases = (
				81E80B3E2232844700CF6E80 /* Sources */,
				81E80B3F2232844700CF6E80 /* Frameworks */,
				81E80B402232844700CF6E80 /* Resources */,
			);
			buildRules = (
			);
			dependencies = (
			);
			name = Pukana;
			productName = Pukana;
			productReference = 81E80B422232844700CF6E80 /* Pukana.app */;
			productType = "com.apple.product-type.application";
		};
/* End PBXNativeTarget section */

/* Begin PBXProject section */
		81E80B3A2232844600CF6E80 /* Project object */ = {
			isa = PBXProject;
			attributes = {
				LastSwiftUpdateCheck = 1010;
				LastUpgradeCheck = 1010;
				ORGANIZATIONNAME = "Double Dot";
				TargetAttributes = {
					81E80B412232844700CF6E80 = {
						CreatedOnToolsVersion = 10.1;
					};
				};
			};
			buildConfigurationList = 81E80B3D2232844600CF6E80 /* Build configuration list for PBXProject "Pukana" */;
			compatibilityVersion = "Xcode 9.3";
			developmentRegion = en;
			hasScannedForEncodings = 0;
			knownRegions = (
				en,
				Base,
			);
			mainGroup = 81E80B392232844600CF6E80;
			productRefGroup = 81E80B432232844700CF6E80 /* Products */;
			projectDirPath = "";
			projectRoot = "";
			targets = (
				81E80B412232844700CF6E80 /* Pukana */,
			);
		};
/* End PBXProject section */

/* Begin PBXResourcesBuildPhase section */
		81E80B402232844700CF6E80 /* Resources */ = {
			isa = PBXResourcesBuildPhase;
			buildActionMask = 2147483647;
			files = (
				81E80B502232844800CF6E80 /* LaunchScreen.storyboard in Resources */,
				81E80B4D2232844800CF6E80 /* Assets.xcassets in Resources */,
				81E80B4B2232844700CF6E80 /* Main.storyboard in Resources */,
			);
			runOnlyForDeploymentPostprocessing = 0;
		};
/* End PBXResourcesBuildPhase section */

/* Begin PBXSourcesBuildPhase section */
		81E80B3E2232844700CF6E80 /* Sources */ = {
			isa = PBXSourcesBuildPhase;
			buildActionMask = 2147483647;
			files = (
				81E80B612234356E00CF6E80 /* FaceInfoService.swift in Sources */,
				81E80B582232A32E00CF6E80 /* RoundButton.swift in Sources */,
				81E80BA822353CD700CF6E80 /* Score.swift in Sources */,
				81E80B5E2234347C00CF6E80 /* PukanaConverter.swift in Sources */,
				81E80B482232844700CF6E80 /* ViewController.swift in Sources */,
				81E80B63223435FD00CF6E80 /* FaceInfoServiceMock.swift in Sources */,
				81E80B5B2232A82800CF6E80 /* Assets.swift in Sources */,
				81E80B462232844700CF6E80 /* AppDelegate.swift in Sources */,
			);
			runOnlyForDeploymentPostprocessing = 0;
		};
/* End PBXSourcesBuildPhase section */

/* Begin PBXVariantGroup section */
		81E80B492232844700CF6E80 /* Main.storyboard */ = {
			isa = PBXVariantGroup;
			children = (
				81E80B4A2232844700CF6E80 /* Base */,
			);
			name = Main.storyboard;
			sourceTree = "<group>";
		};
		81E80B4E2232844800CF6E80 /* LaunchScreen.storyboard */ = {
			isa = PBXVariantGroup;
			children = (
				81E80B4F2232844800CF6E80 /* Base */,
			);
			name = LaunchScreen.storyboard;
			sourceTree = "<group>";
		};
/* End PBXVariantGroup section */

/* Begin XCBuildConfiguration section */
		81E80B522232844800CF6E80 /* Debug */ = {
			isa = XCBuildConfiguration;
			buildSettings = {
				ALWAYS_SEARCH_USER_PATHS = NO;
				CLANG_ANALYZER_NONNULL = YES;
				CLANG_ANALYZER_NUMBER_OBJECT_CONVERSION = YES_AGGRESSIVE;
				CLANG_CXX_LANGUAGE_STANDARD = "gnu++14";
				CLANG_CXX_LIBRARY = "libc++";
				CLANG_ENABLE_MODULES = YES;
				CLANG_ENABLE_OBJC_ARC = YES;
				CLANG_ENABLE_OBJC_WEAK = YES;
				CLANG_WARN_BLOCK_CAPTURE_AUTORELEASING = YES;
				CLANG_WARN_BOOL_CONVERSION = YES;
				CLANG_WARN_COMMA = YES;
				CLANG_WARN_CONSTANT_CONVERSION = YES;
				CLANG_WARN_DEPRECATED_OBJC_IMPLEMENTATIONS = YES;
				CLANG_WARN_DIRECT_OBJC_ISA_USAGE = YES_ERROR;
				CLANG_WARN_DOCUMENTATION_COMMENTS = YES;
				CLANG_WARN_EMPTY_BODY = YES;
				CLANG_WARN_ENUM_CONVERSION = YES;
				CLANG_WARN_INFINITE_RECURSION = YES;
				CLANG_WARN_INT_CONVERSION = YES;
				CLANG_WARN_NON_LITERAL_NULL_CONVERSION = YES;
				CLANG_WARN_OBJC_IMPLICIT_RETAIN_SELF = YES;
				CLANG_WARN_OBJC_LITERAL_CONVERSION = YES;
				CLANG_WARN_OBJC_ROOT_CLASS = YES_ERROR;
				CLANG_WARN_RANGE_LOOP_ANALYSIS = YES;
				CLANG_WARN_STRICT_PROTOTYPES = YES;
				CLANG_WARN_SUSPICIOUS_MOVE = YES;
				CLANG_WARN_UNGUARDED_AVAILABILITY = YES_AGGRESSIVE;
				CLANG_WARN_UNREACHABLE_CODE = YES;
				CLANG_WARN__DUPLICATE_METHOD_MATCH = YES;
				CODE_SIGN_IDENTITY = "iPhone Developer";
				COPY_PHASE_STRIP = NO;
				DEBUG_INFORMATION_FORMAT = dwarf;
				ENABLE_STRICT_OBJC_MSGSEND = YES;
				ENABLE_TESTABILITY = YES;
				GCC_C_LANGUAGE_STANDARD = gnu11;
				GCC_DYNAMIC_NO_PIC = NO;
				GCC_NO_COMMON_BLOCKS = YES;
				GCC_OPTIMIZATION_LEVEL = 0;
				GCC_PREPROCESSOR_DEFINITIONS = (
					"DEBUG=1",
					"$(inherited)",
				);
				GCC_WARN_64_TO_32_BIT_CONVERSION = YES;
				GCC_WARN_ABOUT_RETURN_TYPE = YES_ERROR;
				GCC_WARN_UNDECLARED_SELECTOR = YES;
				GCC_WARN_UNINITIALIZED_AUTOS = YES_AGGRESSIVE;
				GCC_WARN_UNUSED_FUNCTION = YES;
				GCC_WARN_UNUSED_VARIABLE = YES;
				IPHONEOS_DEPLOYMENT_TARGET = 12.1;
				MTL_ENABLE_DEBUG_INFO = INCLUDE_SOURCE;
				MTL_FAST_MATH = YES;
				ONLY_ACTIVE_ARCH = YES;
				SDKROOT = iphoneos;
				SWIFT_ACTIVE_COMPILATION_CONDITIONS = DEBUG;
				SWIFT_OPTIMIZATION_LEVEL = "-Onone";
			};
			name = Debug;
		};
		81E80B532232844800CF6E80 /* Release */ = {
			isa = XCBuildConfiguration;
			buildSettings = {
				ALWAYS_SEARCH_USER_PATHS = NO;
				CLANG_ANALYZER_NONNULL = YES;
				CLANG_ANALYZER_NUMBER_OBJECT_CONVERSION = YES_AGGRESSIVE;
				CLANG_CXX_LANGUAGE_STANDARD = "gnu++14";
				CLANG_CXX_LIBRARY = "libc++";
				CLANG_ENABLE_MODULES = YES;
				CLANG_ENABLE_OBJC_ARC = YES;
				CLANG_ENABLE_OBJC_WEAK = YES;
				CLANG_WARN_BLOCK_CAPTURE_AUTORELEASING = YES;
				CLANG_WARN_BOOL_CONVERSION = YES;
				CLANG_WARN_COMMA = YES;
				CLANG_WARN_CONSTANT_CONVERSION = YES;
				CLANG_WARN_DEPRECATED_OBJC_IMPLEMENTATIONS = YES;
				CLANG_WARN_DIRECT_OBJC_ISA_USAGE = YES_ERROR;
				CLANG_WARN_DOCUMENTATION_COMMENTS = YES;
				CLANG_WARN_EMPTY_BODY = YES;
				CLANG_WARN_ENUM_CONVERSION = YES;
				CLANG_WARN_INFINITE_RECURSION = YES;
				CLANG_WARN_INT_CONVERSION = YES;
				CLANG_WARN_NON_LITERAL_NULL_CONVERSION = YES;
				CLANG_WARN_OBJC_IMPLICIT_RETAIN_SELF = YES;
				CLANG_WARN_OBJC_LITERAL_CONVERSION = YES;
				CLANG_WARN_OBJC_ROOT_CLASS = YES_ERROR;
				CLANG_WARN_RANGE_LOOP_ANALYSIS = YES;
				CLANG_WARN_STRICT_PROTOTYPES = YES;
				CLANG_WARN_SUSPICIOUS_MOVE = YES;
				CLANG_WARN_UNGUARDED_AVAILABILITY = YES_AGGRESSIVE;
				CLANG_WARN_UNREACHABLE_CODE = YES;
				CLANG_WARN__DUPLICATE_METHOD_MATCH = YES;
				CODE_SIGN_IDENTITY = "iPhone Developer";
				COPY_PHASE_STRIP = NO;
				DEBUG_INFORMATION_FORMAT = "dwarf-with-dsym";
				ENABLE_NS_ASSERTIONS = NO;
				ENABLE_STRICT_OBJC_MSGSEND = YES;
				GCC_C_LANGUAGE_STANDARD = gnu11;
				GCC_NO_COMMON_BLOCKS = YES;
				GCC_WARN_64_TO_32_BIT_CONVERSION = YES;
				GCC_WARN_ABOUT_RETURN_TYPE = YES_ERROR;
				GCC_WARN_UNDECLARED_SELECTOR = YES;
				GCC_WARN_UNINITIALIZED_AUTOS = YES_AGGRESSIVE;
				GCC_WARN_UNUSED_FUNCTION = YES;
				GCC_WARN_UNUSED_VARIABLE = YES;
				IPHONEOS_DEPLOYMENT_TARGET = 12.1;
				MTL_ENABLE_DEBUG_INFO = NO;
				MTL_FAST_MATH = YES;
				SDKROOT = iphoneos;
				SWIFT_COMPILATION_MODE = wholemodule;
				SWIFT_OPTIMIZATION_LEVEL = "-O";
				VALIDATE_PRODUCT = YES;
			};
			name = Release;
		};
		81E80B552232844800CF6E80 /* Debug */ = {
			isa = XCBuildConfiguration;
			buildSettings = {
				ASSETCATALOG_COMPILER_APPICON_NAME = AppIcon;
				CODE_SIGN_STYLE = Automatic;
				DEVELOPMENT_TEAM = JPYTTH764A;
				INFOPLIST_FILE = Pukana/Info.plist;
				LD_RUNPATH_SEARCH_PATHS = (
					"$(inherited)",
					"@executable_path/Frameworks",
				);
				PRODUCT_BUNDLE_IDENTIFIER = doubledot.Pukana;
				PRODUCT_NAME = "$(TARGET_NAME)";
				SWIFT_VERSION = 4.2;
				TARGETED_DEVICE_FAMILY = "1,2";
			};
			name = Debug;
		};
		81E80B562232844800CF6E80 /* Release */ = {
			isa = XCBuildConfiguration;
			buildSettings = {
				ASSETCATALOG_COMPILER_APPICON_NAME = AppIcon;
				CODE_SIGN_STYLE = Automatic;
				DEVELOPMENT_TEAM = JPYTTH764A;
				INFOPLIST_FILE = Pukana/Info.plist;
				LD_RUNPATH_SEARCH_PATHS = (
					"$(inherited)",
					"@executable_path/Frameworks",
				);
				PRODUCT_BUNDLE_IDENTIFIER = doubledot.Pukana;
				PRODUCT_NAME = "$(TARGET_NAME)";
				SWIFT_VERSION = 4.2;
				TARGETED_DEVICE_FAMILY = "1,2";
			};
			name = Release;
		};
/* End XCBuildConfiguration section */

/* Begin XCConfigurationList section */
		81E80B3D2232844600CF6E80 /* Build configuration list for PBXProject "Pukana" */ = {
			isa = XCConfigurationList;
			buildConfigurations = (
				81E80B522232844800CF6E80 /* Debug */,
				81E80B532232844800CF6E80 /* Release */,
			);
			defaultConfigurationIsVisible = 0;
			defaultConfigurationName = Release;
		};
		81E80B542232844800CF6E80 /* Build configuration list for PBXNativeTarget "Pukana" */ = {
			isa = XCConfigurationList;
			buildConfigurations = (
				81E80B552232844800CF6E80 /* Debug */,
				81E80B562232844800CF6E80 /* Release */,
			);
			defaultConfigurationIsVisible = 0;
			defaultConfigurationName = Release;
		};
/* End XCConfigurationList section */
	};
	rootObject = 81E80B3A2232844600CF6E80 /* Project object */;
}
